{
  "R": {
    "Version": "3.5.0",
    "Repositories": [
      {
        "Name": "BioCsoft",
        "URL": "https://bioconductor.org/packages/3.8/bioc"
      },
      {
        "Name": "BioCann",
        "URL": "https://bioconductor.org/packages/3.8/data/annotation"
      },
      {
        "Name": "BioCexp",
        "URL": "https://bioconductor.org/packages/3.8/data/experiment"
      },
      {
        "Name": "BioCworkflows",
        "URL": "https://bioconductor.org/packages/3.8/workflows"
      },
      {
        "Name": "CRAN",
        "URL": "https://cloud.r-project.org"
      }
    ]
  },
  "Bioconductor": {
    "Version": "3.8"
  },
  "Packages": {
    "BH": {
      "Package": "BH",
      "Version": "1.69.0-1",
      "Source": "CRAN",
      "Repository": "CRAN",
      "RemoteType": "cran",
      "RemoteSha": "1.69.0-1",
      "RemoteRepos": "c(CRAN = \"https://cran.rstudio.com/\")",
      "RemotePkgType": "source",
      "Hash": "180fc02f9527bc7308267c3866ea7c79"
    },
    "BiocManager": {
      "Package": "BiocManager",
      "Version": "1.30.10",
      "Source": "Repository",
      "Repository": "CRAN",
      "Hash": "db75371846625725e221470b310da1d5"
    },
    "BiocParallel": {
      "Package": "BiocParallel",
      "Version": "1.16.5",
      "Source": "Bioconductor",
      "Hash": "356fe81364d20e72918e5526f6c14ec8"
    },
    "DBI": {
      "Package": "DBI",
      "Version": "1.0.0",
      "Source": "Repository",
      "Repository": "CRAN",
      "Hash": "7bc8be0e425da29fe0e10f792bdbb74b"
    },
    "DEoptimR": {
      "Package": "DEoptimR",
      "Version": "1.0-8",
      "Source": "Repository",
      "Repository": "CRAN",
      "Hash": "4fdd17df6c1b897cb59bdd9cf6621a43"
    },
    "DT": {
      "Package": "DT",
      "Version": "0.6",
      "Source": "GitHub",
      "RemoteType": "github",
      "RemoteHost": "api.github.com",
      "RemoteRepo": "DT",
      "RemoteUsername": "rstudio",
      "RemoteRef": "v0.6",
      "RemoteSha": "0a2ebbd15d6a3c66d16e8df97558ef9dd30da9d7",
      "Hash": "d4fba30cb33818e568c491c25bfac3e6"
    },
    "Formula": {
      "Package": "Formula",
      "Version": "1.2-3",
      "Source": "Repository",
      "Repository": "CRAN",
      "Hash": "0537b6f1f38ea1fd514089192724bb6e"
    },
    "Hmisc": {
      "Package": "Hmisc",
      "Version": "4.2-0",
      "Source": "Repository",
      "Repository": "CRAN",
      "Hash": "5d6fffa4e1ec7e3e25478f5c5205d5b4"
    },
    "KernSmooth": {
      "Package": "KernSmooth",
      "Version": "2.23-15",
      "Source": "Repository",
      "Repository": "CRAN",
      "Hash": "081f417f4d6d55b7e8981433e8404a22"
    },
    "MASS": {
      "Package": "MASS",
      "Version": "7.3-49",
      "Source": "Repository",
      "Repository": "CRAN",
      "Hash": "f47828414f155725f342d93be7fcfabd"
    },
    "Matrix": {
      "Package": "Matrix",
      "Version": "1.2-14",
      "Source": "Repository",
      "Repository": "CRAN",
      "Hash": "e84dcbc31943fe880bbb80fd59baca6d"
    },
    "R.methodsS3": {
      "Package": "R.methodsS3",
      "Version": "1.7.1",
      "Source": "Repository",
      "Repository": "CRAN",
      "Hash": "525c2e4d8915038c0ca7f9c1eedbd47a"
    },
    "R.oo": {
      "Package": "R.oo",
      "Version": "1.22.0",
      "Source": "Repository",
      "Repository": "CRAN",
      "Hash": "c6772a9891b14d07f2da758192c4b0c6"
    },
    "R.utils": {
      "Package": "R.utils",
      "Version": "2.7.0",
      "Source": "Repository",
      "Repository": "CRAN",
      "Hash": "8d7088a70cbb4a9863895b26b1d541b6"
    },
    "R6": {
      "Package": "R6",
      "Version": "2.3.0",
      "Source": "CRAN",
      "Repository": "CRAN",
      "RemoteType": "cran",
      "RemoteSha": "2.3.0",
      "RemoteRepos": "c(CRAN = \"https://cran.rstudio.com/\")",
      "RemotePkgType": "source",
      "Hash": "fecb0cee2accd1aac6a72deee8ad0051"
    },
    "RANN": {
      "Package": "RANN",
      "Version": "2.6",
      "Source": "CRAN",
      "Repository": "CRAN",
      "RemoteType": "cran",
      "RemoteSha": "2.6",
      "RemoteRepos": "c(CRAN = \"https://cran.rstudio.com/\", \"https://mojaveazure.github.io/loomR\")",
      "RemotePkgType": "source",
      "Hash": "8b766b97e3a561caa136d2ac0637eeed"
    },
    "RColorBrewer": {
      "Package": "RColorBrewer",
      "Version": "1.1-2",
      "Source": "Repository",
      "Repository": "CRAN",
      "Hash": "e031418365a7f7a766181ab5a41a5716"
    },
    "ROCR": {
      "Package": "ROCR",
      "Version": "1.0-7",
      "Source": "Repository",
      "Repository": "CRAN",
      "Hash": "fd202bb77d2b1b19fb9dcc393d489ef0"
    },
    "Rcpp": {
      "Package": "Rcpp",
      "Version": "1.0.0",
      "Source": "Repository",
      "Repository": "CRAN",
      "Hash": "e6bc5212ec592d14485ed86569697ca2"
    },
    "RcppEigen": {
      "Package": "RcppEigen",
      "Version": "0.3.3.5.0",
      "Source": "Repository",
      "Repository": "CRAN",
      "Hash": "b1363326973d7c1fc76d6394c2610951"
    },
    "RcppProgress": {
      "Package": "RcppProgress",
      "Version": "0.4.1",
      "Source": "Repository",
      "Repository": "CRAN",
      "Hash": "8025b5d36e7cb094049b3f8174d676a2"
    },
    "Rdpack": {
      "Package": "Rdpack",
      "Version": "0.10-1",
      "Source": "Repository",
      "Repository": "CRAN",
      "Hash": "fcaeb97380bfbd9fc4130db3fcb6dfb2"
    },
    "Rtsne": {
      "Package": "Rtsne",
      "Version": "0.15",
      "Source": "Repository",
      "Repository": "CRAN",
      "Hash": "f153432c4ca15b937ccfaa40f167c892"
    },
    "SDMTools": {
      "Package": "SDMTools",
      "Version": "1.1-221",
      "Source": "Repository",
      "Repository": "CRAN",
      "Hash": "e23f84d3d1d84f55edd5adb337e79dcf"
    },
    "Seurat": {
      "Package": "Seurat",
      "Version": "2.3.4",
      "Source": "CRAN",
      "Repository": "CRAN",
      "RemoteType": "cran",
      "RemoteSha": "2.3.4",
      "RemoteRepos": "c(CRAN = \"https://cran.rstudio.com/\")",
      "RemotePkgType": "source",
      "Hash": "365405e36c91e01db2c1f1a4fde922ab"
    },
    "acepack": {
      "Package": "acepack",
      "Version": "1.4.1",
      "Source": "Repository",
      "Repository": "CRAN",
      "Hash": "9d5038b94a50c7bf26940e2ef7f340c8"
    },
    "ape": {
      "Package": "ape",
      "Version": "5.2",
      "Source": "CRAN",
      "Repository": "CRAN",
      "RemoteType": "cran",
      "RemoteSha": "5.2",
      "RemoteRepos": "c(CRAN = \"https://cran.rstudio.com/\")",
      "RemotePkgType": "source",
      "Hash": "b100359f5069d2302867aaf86191af9d"
    },
    "askpass": {
      "Package": "askpass",
      "Version": "1.1",
      "Source": "Repository",
      "Repository": "CRAN",
      "Hash": "e8a22846fff485f0be3770c2da758713"
    },
    "assertthat": {
      "Package": "assertthat",
      "Version": "0.2.0",
      "Source": "Repository",
      "Repository": "CRAN",
      "Hash": "7b2aa2be4bd0497000a5a399f07da3f1"
    },
    "backports": {
      "Package": "backports",
      "Version": "1.1.3",
      "Source": "Repository",
      "Repository": "CRAN",
      "Hash": "5dfbe235afd9469d7df7e74d58364025"
    },
    "base64enc": {
      "Package": "base64enc",
      "Version": "0.1-3",
      "Source": "Repository",
      "Repository": "CRAN",
      "Hash": "543776ae6848fde2f48ff3816d0628bc"
    },
    "bibtex": {
      "Package": "bibtex",
      "Version": "0.4.2",
      "Source": "CRAN",
      "Repository": "CRAN",
      "RemoteType": "cran",
      "RemoteSha": "0.4.2",
      "RemoteRepos": "c(CRAN = \"https://cran.rstudio.com/\")",
      "RemotePkgType": "source",
      "Hash": "16b473e4754b5f02431aa3d636c7bc71"
    },
    "bindr": {
      "Package": "bindr",
      "Version": "0.1.1",
      "Source": "Repository",
      "Repository": "CRAN",
      "Hash": "12981fbe55fe3df82fd6d249fcf8bb06"
    },
    "bindrcpp": {
      "Package": "bindrcpp",
      "Version": "0.2.2",
      "Source": "Repository",
      "Repository": "CRAN",
      "Hash": "c1835e06daacf34f97ba8e9ff0ef1804"
    },
    "bit": {
      "Package": "bit",
      "Version": "1.1-14",
      "Source": "Repository",
      "Repository": "CRAN",
      "Hash": "ac0b4115f7bddd07e733e1ac1697c687"
    },
    "bit64": {
      "Package": "bit64",
      "Version": "0.9-7",
      "Source": "Repository",
      "Repository": "CRAN",
      "Hash": "3338d4a9b1352f5a613e2bdcefe784ea"
    },
    "bitops": {
      "Package": "bitops",
      "Version": "1.0-6",
      "Source": "Repository",
      "Repository": "CRAN",
      "Hash": "0b118d5900596bae6c4d4865374536a6"
    },
    "broom": {
      "Package": "broom",
      "Version": "0.5.1",
      "Source": "Repository",
      "Repository": "CRAN",
      "Hash": "d31d9ea2da14da3b37ce6727fed7c4c6"
    },
    "caTools": {
      "Package": "caTools",
      "Version": "1.17.1.1",
      "Source": "Repository",
      "Repository": "CRAN",
      "Hash": "5559144227c8395d91b8ca4128fc6d2f"
    },
    "callr": {
      "Package": "callr",
      "Version": "3.1.1",
      "Source": "Repository",
      "Repository": "CRAN",
      "Hash": "1836484515c4bdc231092c4900c0c4a6"
    },
    "cellranger": {
      "Package": "cellranger",
      "Version": "1.1.0",
      "Source": "Repository",
      "Repository": "CRAN",
      "Hash": "f61dbaec772ccd2e17705c1e872e9e7c"
    },
    "checkmate": {
      "Package": "checkmate",
      "Version": "1.9.1",
      "Source": "Repository",
      "Repository": "CRAN",
      "Hash": "e4a1f693901f65d21254d669ad94a539"
    },
    "class": {
      "Package": "class",
      "Version": "7.3-14",
      "Source": "Repository",
      "Repository": "CRAN",
      "Hash": "c39d47020cdf42e88bd80c83ca6a0a0b"
    },
    "cli": {
      "Package": "cli",
      "Version": "1.0.1",
      "Source": "CRAN",
      "Repository": "CRAN",
      "RemoteType": "cran",
      "RemoteSha": "1.0.1",
      "RemoteRepos": "c(CRAN = \"https://cran.rstudio.com/\")",
      "RemotePkgType": "source",
      "Hash": "2a329e68c2ac5ce6713f008274e27cb5"
    },
    "clipr": {
      "Package": "clipr",
      "Version": "0.5.0",
      "Source": "Repository",
      "Repository": "CRAN",
      "Hash": "f470b4aeb573f770fea6ced401c7fb39"
    },
    "cluster": {
      "Package": "cluster",
      "Version": "2.0.7-1",
      "Source": "Repository",
      "Repository": "CRAN",
      "Hash": "790a06d226d7a0996ba578358e6032ce"
    },
    "codetools": {
      "Package": "codetools",
      "Version": "0.2-15",
      "Source": "Repository",
      "Repository": "CRAN",
      "Hash": "9f88e0b246d1b22d1a88b9aa4ea57ebd"
    },
    "colorspace": {
      "Package": "colorspace",
      "Version": "1.4-0",
      "Source": "Repository",
      "Repository": "CRAN",
      "Hash": "3363089b2349a098172dd19a729c68dc"
    },
    "cowplot": {
      "Package": "cowplot",
      "Version": "0.9.4",
      "Source": "CRAN",
      "Repository": "CRAN",
      "RemoteType": "cran",
      "RemoteSha": "0.9.4",
      "RemoteRepos": "c(CRAN = \"https://cran.rstudio.com/\")",
      "RemotePkgType": "source",
      "Hash": "c790f7d2ad12ddf66f346f012e8eb0c8"
    },
    "crayon": {
      "Package": "crayon",
      "Version": "1.3.4",
      "Source": "Repository",
      "Repository": "CRAN",
      "Hash": "0d57bc8e27b7ba9e45dba825ebc0de6b"
    },
    "crosstalk": {
      "Package": "crosstalk",
      "Version": "1.0.0",
      "Source": "Repository",
      "Repository": "CRAN",
      "Hash": "4ac529753d1e529966ef675d7f0c762b"
    },
    "curl": {
      "Package": "curl",
      "Version": "3.3",
      "Source": "Repository",
      "Repository": "CRAN",
      "Hash": "c71bf321a357db97242bc233a1f99a55"
    },
    "cytobox": {
      "Package": "cytobox",
      "Version": "0.6.1",
      "Source": "GitHub",
      "Remotes": "satijalab/seurat@v2.3.3",
      "RemoteType": "github",
      "RemoteHost": "api.github.com",
      "RemoteRepo": "cytobox",
      "RemoteUsername": "fungenomics",
      "RemoteRef": "dev-selin",
      "RemoteSha": "f72421dc6463487c561fcfd4daed51c006e0f8e0",
      "Hash": "4b31783fb4b819f0fac9f8949861d0d7"
    },
    "data.table": {
      "Package": "data.table",
      "Version": "1.12.0",
      "Source": "Repository",
      "Repository": "CRAN",
      "Hash": "3c19ac0ceb68d0c4830a73a2f1a683b1"
    },
    "dbplyr": {
      "Package": "dbplyr",
      "Version": "1.3.0",
      "Source": "Repository",
      "Repository": "CRAN",
      "Hash": "ee43f58bc3e2362b5c19063e6b59403a"
    },
    "digest": {
      "Package": "digest",
      "Version": "0.6.16",
      "Source": "CRAN",
      "Repository": "CRAN",
      "RemoteType": "cran",
      "RemoteSha": "0.6.16",
      "RemoteRepos": "c(CRAN = \"https://cran.rstudio.com/\")",
      "RemotePkgType": "source",
      "Hash": "ecb7d89cccc46909c1b3d7e708e5ab30"
    },
    "diptest": {
      "Package": "diptest",
      "Version": "0.75-7",
      "Source": "Repository",
      "Repository": "CRAN",
      "Hash": "be6171ca8619e054446a3eb660dd68d7"
    },
    "doSNOW": {
      "Package": "doSNOW",
      "Version": "1.0.16",
      "Source": "Repository",
      "Repository": "CRAN",
      "Hash": "cf748a926eeb050eb8cf987949385787"
    },
    "dplyr": {
      "Package": "dplyr",
      "Version": "0.7.7",
      "Source": "CRAN",
      "Repository": "CRAN",
      "RemoteType": "cran",
      "RemoteSha": "0.7.7",
      "RemoteRepos": "c(CRAN = \"https://cran.rstudio.com/\", BioCsoft = \"https://bioconductor.org/packages/3.7/bioc\", BioCann = \"https://bioconductor.org/packages/3.7/data/annotation\", BioCexp = \"https://bioconductor.org/packages/3.7/data/experiment\", BioCworkflows = \"https://bioconductor.org/packages/3.7/workflows\")",
      "RemotePkgType": "source",
      "Hash": "2c2031566bdfb6b5c7a15096e2631333"
    },
    "dtw": {
      "Package": "dtw",
      "Version": "1.20-1",
      "Source": "Repository",
      "Repository": "CRAN",
      "Hash": "e509597cfc7e8c651b2b504174d33a4d"
    },
    "ellipsis": {
      "Package": "ellipsis",
      "Version": "0.2.0.1",
      "Source": "Repository",
      "Repository": "CRAN",
      "Hash": "9e51c34725ddb3d04968a5bf37363200"
    },
    "evaluate": {
      "Package": "evaluate",
      "Version": "0.12",
      "Source": "Repository",
      "Repository": "CRAN",
      "Hash": "efa4dcbc7fb3f27d175747445c17e9cf"
    },
    "fansi": {
      "Package": "fansi",
      "Version": "0.4.0",
      "Source": "CRAN",
      "Repository": "CRAN",
      "RemoteType": "cran",
      "RemoteSha": "0.4.0",
      "RemoteRepos": "c(CRAN = \"https://cran.rstudio.com/\")",
      "RemotePkgType": "source",
      "Hash": "2b63d964cf2cee1561e8d198c5ed1d30"
    },
    "fastmatch": {
      "Package": "fastmatch",
      "Version": "1.1-0",
      "Source": "Repository",
      "Repository": "CRAN",
      "Hash": "2cfe25650d69960c54e06840e4b5d8e4"
    },
    "fgsea": {
      "Package": "fgsea",
      "Version": "1.8.0",
      "Source": "Bioconductor",
      "Hash": "72319bdb5a17f4e734d6564ffb20ff14"
    },
    "fitdistrplus": {
      "Package": "fitdistrplus",
      "Version": "1.0-14",
      "Source": "Repository",
      "Repository": "CRAN",
      "Hash": "690f753a275a336022edcffcec5f9aea"
    },
    "flexmix": {
      "Package": "flexmix",
      "Version": "2.3-14",
      "Source": "Repository",
      "Repository": "CRAN",
      "Hash": "b9734a71a710640283510558a63d4f5f"
    },
    "forcats": {
      "Package": "forcats",
      "Version": "0.3.0",
      "Source": "Repository",
      "Repository": "CRAN",
      "Hash": "74d47d1faf02cefea4c36303b61686cd"
    },
    "foreach": {
      "Package": "foreach",
      "Version": "1.4.4",
      "Source": "Repository",
      "Repository": "CRAN",
      "Hash": "c179d1dd8abd4b888214d44f4de2359a"
    },
    "foreign": {
      "Package": "foreign",
      "Version": "0.8-70",
      "Source": "Repository",
      "Repository": "CRAN",
      "Hash": "3d11f0b67c9c71cd3fde607063f70635"
    },
    "formatR": {
      "Package": "formatR",
      "Version": "1.5",
      "Source": "Repository",
      "Repository": "CRAN",
      "Hash": "2b9698cbab6cfe7dadbd11cbe5929294"
    },
    "fpc": {
      "Package": "fpc",
      "Version": "2.1-11.1",
      "Source": "CRAN",
      "Repository": "CRAN",
      "RemoteType": "cran",
      "RemoteSha": "2.1-11.1",
      "RemoteRepos": "c(CRAN = \"https://cran.rstudio.com/\", \"https://mojaveazure.github.io/loomR\")",
      "RemotePkgType": "source",
      "Hash": "d3de4468e3ab18e892e24899b60f7494"
    },
    "fs": {
      "Package": "fs",
      "Version": "1.2.6",
      "Source": "Repository",
      "Repository": "CRAN",
      "Hash": "f4ad20f4f4f95567c2c371a7c9f34b75"
    },
    "futile.logger": {
      "Package": "futile.logger",
      "Version": "1.4.3",
      "Source": "Repository",
      "Repository": "CRAN",
      "Hash": "99f0ace8c05ec7d3683d27083c4f1e7e"
    },
    "futile.options": {
      "Package": "futile.options",
      "Version": "1.0.1",
      "Source": "Repository",
      "Repository": "CRAN",
      "Hash": "0d9bf02413ddc2bbe8da9ce369dcdd2b"
    },
    "gbRd": {
      "Package": "gbRd",
      "Version": "0.4-11",
      "Source": "CRAN",
      "Repository": "CRAN",
      "RemoteType": "cran",
      "RemoteSha": "0.4-11",
      "RemoteRepos": "c(CRAN = \"https://cran.rstudio.com/\")",
      "RemotePkgType": "source",
      "Hash": "dd6116f0368b455df7bbcb353acfae5e"
    },
    "gdata": {
      "Package": "gdata",
      "Version": "2.18.0",
      "Source": "Repository",
      "Repository": "CRAN",
      "Hash": "465ccb84427f5fe2c54f8620666db131"
    },
    "generics": {
      "Package": "generics",
      "Version": "0.0.2",
      "Source": "Repository",
      "Repository": "CRAN",
      "Hash": "b8cff1d1391fd1ad8b65877f4c7f2e53"
    },
    "ggplot2": {
      "Package": "ggplot2",
      "Version": "3.1.0",
      "Source": "CRAN",
      "Repository": "CRAN",
      "RemoteType": "cran",
      "RemoteSha": "3.1.0",
      "RemoteRepos": "c(CRAN = \"https://cran.rstudio.com/\", BioCsoft = \"https://bioconductor.org/packages/3.7/bioc\", BioCann = \"https://bioconductor.org/packages/3.7/data/annotation\", BioCexp = \"https://bioconductor.org/packages/3.7/data/experiment\", BioCworkflows = \"https://bioconductor.org/packages/3.7/workflows\")",
      "RemotePkgType": "source",
      "Hash": "4c318024845a540bcb638c859ff0af95"
    },
    "ggrepel": {
      "Package": "ggrepel",
      "Version": "0.8.0",
      "Source": "CRAN",
      "Repository": "CRAN",
      "RemoteType": "cran",
      "RemoteSha": "0.8.0",
      "RemoteRepos": "c(CRAN = \"https://cran.rstudio.com/\")",
      "RemotePkgType": "source",
      "Hash": "fb3eca138c0e47ab9595b03948a4775a"
    },
    "ggridges": {
      "Package": "ggridges",
      "Version": "0.5.1",
      "Source": "CRAN",
      "Repository": "CRAN",
      "RemoteType": "cran",
      "RemoteSha": "0.5.1",
      "RemoteRepos": "c(CRAN = \"https://cran.rstudio.com/\")",
      "RemotePkgType": "source",
      "Hash": "cec588bfdaa2b76e93661ebd13b6be7f"
    },
    "git2r": {
      "Package": "git2r",
      "Version": "0.27.1",
      "Source": "Repository",
      "Repository": "CRAN",
      "Hash": "531a82d1beed1f545beb25f4f5945bf7"
    },
    "glue": {
      "Package": "glue",
      "Version": "1.4.1",
      "Source": "Repository",
      "Repository": "CRAN",
      "Hash": "f43e0d5e85ccb0a4045670c0607ee504"
    },
    "gplots": {
      "Package": "gplots",
      "Version": "3.0.1.1",
      "Source": "Repository",
      "Repository": "CRAN",
      "Hash": "732c9f82f6dd3dbb6c361a83eef56bdc"
    },
    "gridExtra": {
      "Package": "gridExtra",
      "Version": "2.3",
      "Source": "Repository",
      "Repository": "CRAN",
      "Hash": "7d7f283939f563670a697165b2cf5560"
    },
    "gtable": {
      "Package": "gtable",
      "Version": "0.2.0",
      "Source": "Repository",
      "Repository": "CRAN",
      "Hash": "8816a66528f6507ccb362429ca6e095a"
    },
    "gtools": {
      "Package": "gtools",
      "Version": "3.8.1",
      "Source": "Repository",
      "Repository": "CRAN",
      "Hash": "b7f3a3bee8ec0858e8cbc09cfdc35ced"
    },
    "haven": {
      "Package": "haven",
      "Version": "2.0.0",
      "Source": "Repository",
      "Repository": "CRAN",
      "Hash": "f0fc4a19fdbc961ee5d2b2466355e2ee"
    },
    "hdf5r": {
      "Package": "hdf5r",
      "Version": "1.0.0",
      "Source": "Repository",
      "Repository": "CRAN",
      "Hash": "99b78de305bf93da15091eee534ca608"
    },
    "here": {
      "Package": "here",
      "Version": "0.1",
      "Source": "Repository",
      "Repository": "CRAN",
      "Hash": "2c0406b8e0a4c3516ab37be62da74e3c"
    },
    "hexbin": {
      "Package": "hexbin",
      "Version": "1.27.2",
      "Source": "Repository",
      "Repository": "CRAN",
      "Hash": "365c1a8f22f20dc825644c3cf2dcbbee"
    },
    "highr": {
      "Package": "highr",
      "Version": "0.7",
      "Source": "Repository",
      "Repository": "CRAN",
      "Hash": "84f2260779f595849141086fc94b52f0"
    },
    "hms": {
      "Package": "hms",
      "Version": "0.4.2",
      "Source": "Repository",
      "Repository": "CRAN",
      "Hash": "b1d40b416da234147d5869a009458702"
    },
    "htmlTable": {
      "Package": "htmlTable",
      "Version": "1.13.1",
      "Source": "Repository",
      "Repository": "CRAN",
      "Hash": "eb5cdf44071cc69b910eb2450df3f87e"
    },
    "htmltools": {
      "Package": "htmltools",
      "Version": "0.3.6",
      "Source": "Repository",
      "Repository": "CRAN",
      "Hash": "74aa264d2e3b6214529cd33a5850a07f"
    },
    "htmlwidgets": {
      "Package": "htmlwidgets",
      "Version": "1.3",
      "Source": "Repository",
      "Repository": "CRAN",
      "Hash": "0c8df16eba2c955487aad63a7e7051a6"
    },
    "httpuv": {
      "Package": "httpuv",
      "Version": "1.4.5.1",
      "Source": "Repository",
      "Repository": "CRAN",
      "Hash": "6db7d2196b1c704ea0f0877860fe3cf8"
    },
    "httr": {
      "Package": "httr",
      "Version": "1.4.0",
      "Source": "Repository",
      "Repository": "CRAN",
      "Hash": "194b9f75755db776bc5a34ee8b95fe7e"
    },
    "ica": {
      "Package": "ica",
      "Version": "1.0-2",
      "Source": "Repository",
      "Repository": "CRAN",
      "Hash": "95ba9b882bb834ecbdad37338a11f3f8"
    },
    "igraph": {
      "Package": "igraph",
      "Version": "1.2.2",
      "Source": "CRAN",
      "Repository": "CRAN",
      "RemoteType": "cran",
      "RemoteSha": "1.2.2",
      "RemoteRepos": "c(CRAN = \"https://cran.rstudio.com/\", \"https://mojaveazure.github.io/loomR\")",
      "RemotePkgType": "source",
      "Hash": "853181af6277bbef5a3a28af3c9827fb"
    },
    "irlba": {
      "Package": "irlba",
      "Version": "2.3.3",
      "Source": "Repository",
      "Repository": "CRAN",
      "Hash": "a9ad517358000d57022401ef18ee657a"
    },
    "iterators": {
      "Package": "iterators",
      "Version": "1.0.10",
      "Source": "CRAN",
      "Repository": "CRAN",
      "RemoteType": "cran",
      "RemoteSha": "1.0.10",
      "RemoteRepos": "c(CRAN = \"https://cran.rstudio.com/\")",
      "RemotePkgType": "source",
      "Hash": "74bcc6f4fd24234d13a5dbaba8c411fa"
    },
    "jsonlite": {
      "Package": "jsonlite",
      "Version": "1.6",
      "Source": "Repository",
      "Repository": "CRAN",
      "Hash": "bc5739654d032acf531356e32e0d0f54"
    },
    "kernlab": {
      "Package": "kernlab",
      "Version": "0.9-27",
      "Source": "CRAN",
      "Repository": "CRAN",
      "RemoteType": "cran",
      "RemoteSha": "0.9-27",
      "RemoteRepos": "c(CRAN = \"https://cran.rstudio.com/\")",
      "RemotePkgType": "source",
      "Hash": "5d07d56b6f0845a78f517b5aa5e27fa9"
    },
    "knitr": {
      "Package": "knitr",
      "Version": "1.21",
      "Source": "Repository",
      "Repository": "CRAN",
      "Hash": "888eec2b56cbed1b55689b1422d55c32"
    },
    "labeling": {
      "Package": "labeling",
      "Version": "0.3",
      "Source": "Repository",
      "Repository": "CRAN",
      "Hash": "73832978c1de350df58108c745ed0e3e"
    },
    "lambda.r": {
      "Package": "lambda.r",
      "Version": "1.2.3",
      "Source": "Repository",
      "Repository": "CRAN",
      "Hash": "cc5f356cd35e98abedba5393e8b1393e"
    },
    "lars": {
      "Package": "lars",
      "Version": "1.2",
      "Source": "Repository",
      "Repository": "CRAN",
      "Hash": "983ef43e3ad5169ea2c7d6323c6383db"
    },
    "later": {
      "Package": "later",
      "Version": "0.7.5",
      "Source": "Repository",
      "Repository": "CRAN",
      "Hash": "199a279622f4eb8eaceca87046e37a20"
    },
    "lattice": {
      "Package": "lattice",
      "Version": "0.20-35",
      "Source": "Repository",
      "Repository": "CRAN",
      "Hash": "10a22a9a66fbe7944e9ef98985d7c927"
    },
    "latticeExtra": {
      "Package": "latticeExtra",
      "Version": "0.6-28",
      "Source": "Repository",
      "Repository": "CRAN",
      "Hash": "a3243e210c83c37ea51a546efcecd896"
    },
    "lazyeval": {
      "Package": "lazyeval",
      "Version": "0.2.1",
      "Source": "Repository",
      "Repository": "CRAN",
      "Hash": "ea5964121f493fb3057e9887d424f634"
    },
    "lifecycle": {
      "Package": "lifecycle",
      "Version": "0.2.0",
      "Source": "Repository",
      "Repository": "CRAN",
      "Hash": "361811f31f71f8a617a9a68bf63f1f42"
    },
    "lmtest": {
      "Package": "lmtest",
      "Version": "0.9-36",
      "Source": "Repository",
      "Repository": "CRAN",
      "Hash": "34e937bb28455ab3b80c0584425361fe"
    },
    "lsei": {
      "Package": "lsei",
      "Version": "1.2-0",
      "Source": "Repository",
      "Repository": "CRAN",
      "Hash": "75f28bb3d161432f11a63a7a56b1ffdc"
    },
    "lubridate": {
      "Package": "lubridate",
      "Version": "1.7.4",
      "Source": "Repository",
      "Repository": "CRAN",
      "Hash": "796afeea047cda6bdb308d374a33eeb6"
    },
    "magrittr": {
      "Package": "magrittr",
      "Version": "1.5",
      "Source": "Repository",
      "Repository": "CRAN",
      "Hash": "1bb58822a20301cee84a41678e25d9b7"
    },
    "markdown": {
      "Package": "markdown",
      "Version": "0.9",
      "Source": "Repository",
      "Repository": "CRAN",
      "Hash": "6e05029d16b0df430ab2d31d151a3ac2"
    },
    "mclust": {
      "Package": "mclust",
      "Version": "5.4.2",
      "Source": "Repository",
      "Repository": "CRAN",
      "Hash": "caf977d2a9094b49be8775d3b5466b6e"
    },
    "metap": {
      "Package": "metap",
      "Version": "1.1",
      "Source": "Repository",
      "Repository": "CRAN",
      "Hash": "a1e9a2c0c23306a38967635d142fd8cf"
    },
    "mgcv": {
      "Package": "mgcv",
      "Version": "1.8-23",
      "Source": "Repository",
      "Repository": "CRAN",
      "Hash": "b1a3bba86e45ddea6b66e67623f587ee"
    },
    "mime": {
      "Package": "mime",
      "Version": "0.6",
      "Source": "Repository",
      "Repository": "CRAN",
      "Hash": "65dd22e780565119a78036189cb3b885"
    },
    "mixtools": {
      "Package": "mixtools",
      "Version": "1.1.0",
      "Source": "Repository",
      "Repository": "CRAN",
      "Hash": "6025351eaad282a7bf69cc819b99ee61"
    },
    "modelr": {
      "Package": "modelr",
      "Version": "0.1.3",
      "Source": "Repository",
      "Repository": "CRAN",
      "Hash": "4527c7764b2646e01ef7aaa946e4c18b"
    },
    "modeltools": {
      "Package": "modeltools",
      "Version": "0.2-22",
      "Source": "Repository",
      "Repository": "CRAN",
      "Hash": "3f4142afd2b2d8b55281fa3ac145d1a2"
    },
    "munsell": {
      "Package": "munsell",
      "Version": "0.5.0",
      "Source": "Repository",
      "Repository": "CRAN",
      "Hash": "6dfe8bf774944bd5595785e3229d8771"
    },
    "mvtnorm": {
      "Package": "mvtnorm",
      "Version": "1.0-10",
      "Source": "Repository",
      "Repository": "CRAN",
      "Hash": "77d781d03b8f58a05f73163b658e7a5a"
    },
    "nlme": {
      "Package": "nlme",
      "Version": "3.1-137",
      "Source": "Repository",
      "Repository": "CRAN",
      "Hash": "4320ab595f7bbff5458bc6a044a57fc0"
    },
    "nnet": {
      "Package": "nnet",
      "Version": "7.3-12",
      "Source": "Repository",
      "Repository": "CRAN",
      "Hash": "68287aec1f476c41d16ce1ace445800c"
    },
    "npsurv": {
      "Package": "npsurv",
      "Version": "0.4-0",
      "Source": "Repository",
      "Repository": "CRAN",
      "Hash": "63576bc6d9730443164d9108c7c05044"
    },
    "openssl": {
      "Package": "openssl",
      "Version": "1.2.1",
      "Source": "Repository",
      "Repository": "CRAN",
      "Hash": "8d423d8bfa12a11d425d0162cf3a24e3"
    },
    "pbapply": {
      "Package": "pbapply",
      "Version": "1.4-0",
      "Source": "Repository",
      "Repository": "CRAN",
      "Hash": "15bc7e6bd083c7e477c1a05560690fe3"
    },
    "pheatmap": {
      "Package": "pheatmap",
      "Version": "1.0.12",
      "Source": "Repository",
      "Repository": "CRAN",
      "Hash": "db1fb0021811b6693741325bbe916e58"
    },
    "pillar": {
      "Package": "pillar",
      "Version": "1.4.4",
      "Source": "Repository",
      "Repository": "CRAN",
      "Hash": "b01d2494d0e2b6b02fae40e1543fbcb0"
    },
    "pkgconfig": {
      "Package": "pkgconfig",
      "Version": "2.0.2",
      "Source": "CRAN",
      "Repository": "CRAN",
      "RemoteType": "cran",
      "RemoteSha": "2.0.2",
      "RemoteRepos": "c(CRAN = \"https://cran.rstudio.com/\")",
      "RemotePkgType": "source",
      "Hash": "4229bfd5e26bc6f1be7d1a619fcce86b"
    },
    "plogr": {
      "Package": "plogr",
      "Version": "0.2.0",
      "Source": "Repository",
      "Repository": "CRAN",
      "Hash": "09eb987710984fc2905c7129c7d85e65"
    },
    "plotly": {
      "Package": "plotly",
      "Version": "4.8.0",
      "Source": "Repository",
      "Repository": "CRAN",
      "Hash": "7270ac04682209fa1328e1441f0ef6f2"
    },
    "plyr": {
      "Package": "plyr",
      "Version": "1.8.4",
      "Source": "Repository",
      "Repository": "CRAN",
      "Hash": "23026346e3e0f023f326919320627a01"
    },
    "png": {
      "Package": "png",
      "Version": "0.1-7",
      "Source": "Repository",
      "Repository": "CRAN",
      "Hash": "03b7076c234cb3331288919983326c55"
    },
    "prabclus": {
      "Package": "prabclus",
      "Version": "2.2-7",
      "Source": "Repository",
      "Repository": "CRAN",
      "Hash": "1f404728ed6b728c89e3ee49f636b7f5"
    },
    "prettyunits": {
      "Package": "prettyunits",
      "Version": "1.0.2",
      "Source": "Repository",
      "Repository": "CRAN",
      "Hash": "f3c960f0105f2ed179460864979fc37c"
    },
    "processx": {
      "Package": "processx",
      "Version": "3.2.1",
      "Source": "Repository",
      "Repository": "CRAN",
      "Hash": "d87678e03631bef0d30e36d72351c793"
    },
    "progress": {
      "Package": "progress",
      "Version": "1.2.0",
      "Source": "Repository",
      "Repository": "CRAN",
      "Hash": "0ecf0b69c567b4d05914f3589c079717"
    },
    "promises": {
      "Package": "promises",
      "Version": "1.0.1",
      "Source": "Repository",
      "Repository": "CRAN",
      "Hash": "e1983a27d5a79e89fe302623a758d88e"
    },
    "proxy": {
      "Package": "proxy",
      "Version": "0.4-22",
      "Source": "Repository",
      "Repository": "CRAN",
      "Hash": "5fad93ca0770150c5dbf63216df07607"
    },
    "ps": {
      "Package": "ps",
      "Version": "1.3.0",
      "Source": "Repository",
      "Repository": "CRAN",
      "Hash": "919a32c940a25bc95fd464df9998a6ba"
    },
    "purrr": {
      "Package": "purrr",
      "Version": "0.3.4",
      "Source": "Repository",
      "Repository": "CRAN",
      "Hash": "97def703420c8ab10d8f0e6c72101e02"
    },
    "randomForest": {
      "Package": "randomForest",
      "Version": "4.6-14",
      "Source": "Repository",
      "Repository": "CRAN",
      "Hash": "6367ba8128568cc5ebf8082e440948e4"
    },
    "readr": {
      "Package": "readr",
      "Version": "1.3.1",
      "Source": "Repository",
      "Repository": "CRAN",
      "Hash": "af8ab99cd936773a148963905736907b"
    },
    "readxl": {
      "Package": "readxl",
      "Version": "1.2.0",
      "Source": "Repository",
      "Repository": "CRAN",
      "Hash": "29864ca183f6378d9a6e2462ad9bdc6f"
    },
    "rematch": {
      "Package": "rematch",
      "Version": "1.0.1",
      "Source": "Repository",
      "Repository": "CRAN",
      "Hash": "c66b930d20bb6d858cd18e1cebcfae5c"
    },
    "renv": {
      "Package": "renv",
      "Version": "0.10.0",
      "Source": "Repository",
      "Repository": "CRAN",
      "Hash": "0d3f1c2b63e70b3d918246b4e2ca59b7"
    },
    "reprex": {
      "Package": "reprex",
      "Version": "0.2.1",
      "Source": "Repository",
      "Repository": "CRAN",
      "Hash": "8de9fc252f8a2b7383e505d967b85357"
    },
    "reshape2": {
      "Package": "reshape2",
      "Version": "1.4.3",
      "Source": "Repository",
      "Repository": "CRAN",
      "Hash": "15a23ad30f51789188e439599559815c"
    },
    "reticulate": {
      "Package": "reticulate",
      "Version": "1.10",
      "Source": "CRAN",
      "Repository": "CRAN",
      "RemoteType": "cran",
      "RemoteSha": "1.10",
      "RemoteRepos": "c(CRAN = \"https://cran.rstudio.com/\", \"https://mojaveazure.github.io/loomR\")",
      "RemotePkgType": "source",
      "Hash": "d25581227591acf052b6b13a3ac4a6b7"
    },
    "rlang": {
      "Package": "rlang",
      "Version": "0.4.6",
      "Source": "Repository",
      "Repository": "CRAN",
      "Hash": "aa263e3ce17b177c49e0daade2ee3cdc"
    },
    "rmarkdown": {
      "Package": "rmarkdown",
      "Version": "1.11",
      "Source": "Repository",
      "Repository": "CRAN",
      "Hash": "68f84cf3de61451cfd72ec1ead1caa95"
    },
    "robustbase": {
      "Package": "robustbase",
      "Version": "0.93-2",
      "Source": "CRAN",
      "Repository": "CRAN",
      "RemoteType": "cran",
      "RemoteSha": "0.93-2",
      "RemoteRepos": "c(CRAN = \"https://cran.rstudio.com/\")",
      "RemotePkgType": "source",
      "Hash": "0c188e26010f9ccfa856a533e2d24057"
    },
    "rpart": {
      "Package": "rpart",
      "Version": "4.1-13",
      "Source": "Repository",
      "Repository": "CRAN",
      "Hash": "6315535da80d5cc6c2e573966d8c8210"
    },
    "rprojroot": {
      "Package": "rprojroot",
      "Version": "1.3-2",
      "Source": "Repository",
      "Repository": "CRAN",
      "Hash": "f6a407ae5dd21f6f80a6708bbb6eb3ae"
    },
    "rstudioapi": {
      "Package": "rstudioapi",
      "Version": "0.9.0",
      "Source": "Repository",
      "Repository": "CRAN",
      "Hash": "79bc85df79c294122fc63583c24dbcda"
    },
    "rvest": {
      "Package": "rvest",
      "Version": "0.3.2",
      "Source": "Repository",
      "Repository": "CRAN",
      "Hash": "de7aba829ba323eebe541d332af400c7"
    },
    "scales": {
      "Package": "scales",
      "Version": "1.0.0",
      "Source": "CRAN",
      "Repository": "CRAN",
      "RemoteType": "cran",
      "RemoteSha": "1.0.0",
      "RemoteRepos": "c(CRAN = \"https://cran.rstudio.com/\")",
      "RemotePkgType": "source",
      "Hash": "845fb89af98348c0f8f264935c744e19"
    },
    "segmented": {
      "Package": "segmented",
      "Version": "0.5-3.0",
      "Source": "Repository",
      "Repository": "CRAN",
      "Hash": "6ad5ad2ac9d7a13be85c0a96d4153134"
    },
    "selectr": {
      "Package": "selectr",
      "Version": "0.4-1",
      "Source": "Repository",
      "Repository": "CRAN",
      "Hash": "5ed4ef04d145af4c2bf651d94ba3d7fe"
    },
    "shiny": {
      "Package": "shiny",
      "Version": "1.2.0",
      "Source": "Repository",
      "Repository": "CRAN",
      "Hash": "4dad5c94a7fcd08d9e29192d9bb80a3b"
    },
    "snow": {
      "Package": "snow",
      "Version": "0.4-3",
      "Source": "Repository",
      "Repository": "CRAN",
      "Hash": "11b822ad6214111a4188d5e5fd1b144c"
    },
    "sourcetools": {
      "Package": "sourcetools",
      "Version": "0.1.7",
      "Source": "Repository",
      "Repository": "CRAN",
      "Hash": "947e4e02a79effa5d512473e10f41797"
    },
    "stringi": {
      "Package": "stringi",
      "Version": "1.2.4",
      "Source": "Repository",
      "Repository": "CRAN",
      "Hash": "bca4c3464ae356a8649d907944da78b4"
    },
    "stringr": {
      "Package": "stringr",
      "Version": "1.3.1",
      "Source": "Repository",
      "Repository": "CRAN",
      "Hash": "652beee20114485d835567f77c18a30a"
    },
    "survival": {
      "Package": "survival",
      "Version": "2.41-3",
      "Source": "Repository",
      "Repository": "CRAN",
      "Hash": "60b1da51f5e3556fd177170a1aa40b49"
    },
    "sys": {
      "Package": "sys",
      "Version": "2.1",
      "Source": "Repository",
      "Repository": "CRAN",
      "Hash": "8693e3927a0eef44cf373ede73d7f8f0"
    },
    "tibble": {
      "Package": "tibble",
      "Version": "3.0.1",
      "Source": "Repository",
      "Repository": "CRAN",
      "Hash": "1c61e4cad000e03b1bd687db16a75926"
    },
    "tidyr": {
      "Package": "tidyr",
      "Version": "0.8.2",
      "Source": "CRAN",
      "Repository": "CRAN",
      "RemoteType": "cran",
      "RemoteSha": "0.8.2",
      "RemoteRepos": "c(CRAN = \"https://cran.rstudio.com/\", BioCsoft = \"https://bioconductor.org/packages/3.7/bioc\", BioCann = \"https://bioconductor.org/packages/3.7/data/annotation\", BioCexp = \"https://bioconductor.org/packages/3.7/data/experiment\", BioCworkflows = \"https://bioconductor.org/packages/3.7/workflows\")",
      "RemotePkgType": "source",
      "Hash": "fe961dc5403d25067ed1e88f4a67dfeb"
    },
    "tidyselect": {
      "Package": "tidyselect",
      "Version": "1.1.0",
      "Source": "Repository",
      "Repository": "CRAN",
      "Hash": "6ea435c354e8448819627cf686f66e0a"
    },
    "tidyverse": {
      "Package": "tidyverse",
      "Version": "1.2.1",
      "Source": "Repository",
      "Repository": "CRAN",
      "Hash": "5a2a345ab91ac7f22bb13fa78bc3a1be"
    },
    "tinytex": {
      "Package": "tinytex",
      "Version": "0.21",
      "Source": "Repository",
      "Repository": "CRAN",
      "Hash": "02e11a2e5d05f1d5ab19394f19ab2999"
    },
    "trimcluster": {
      "Package": "trimcluster",
      "Version": "0.1-2.1",
      "Source": "CRAN",
      "Repository": "CRAN",
      "RemoteType": "cran",
      "RemoteSha": "0.1-2.1",
      "RemoteRepos": "c(CRAN = \"https://cran.rstudio.com/\")",
      "RemotePkgType": "source",
      "Hash": "05202e9e3cc55795e9a6d96e77f799d8"
    },
    "tsne": {
      "Package": "tsne",
      "Version": "0.1-3",
      "Source": "Repository",
      "Repository": "CRAN",
      "Hash": "7a6f77f5bdfa8a876f4995b8accfa68b"
    },
    "utf8": {
      "Package": "utf8",
      "Version": "1.1.4",
      "Source": "Repository",
      "Repository": "CRAN",
      "Hash": "4a5081acfb7b81a572e4384a7aaf2af1"
    },
    "vctrs": {
      "Package": "vctrs",
      "Version": "0.3.1",
      "Source": "Repository",
      "Repository": "CRAN",
      "Hash": "1739235995f08583db4095a28c357207"
    },
    "viridis": {
      "Package": "viridis",
      "Version": "0.5.1",
      "Source": "Repository",
      "Repository": "CRAN",
      "Hash": "6f6b49e5b3b5ee5a6d0c28bf1b4b9eb3"
    },
    "viridisLite": {
      "Package": "viridisLite",
      "Version": "0.3.0",
      "Source": "Repository",
      "Repository": "CRAN",
      "Hash": "ce4f6271baa94776db692f1cb2055bee"
    },
    "whisker": {
      "Package": "whisker",
      "Version": "0.3-2",
      "Source": "Repository",
      "Repository": "CRAN",
      "Hash": "c944abf3f12a97b8369a6f6ba8186d23"
    },
    "withr": {
      "Package": "withr",
      "Version": "2.1.2",
      "Source": "Repository",
      "Repository": "CRAN",
      "Hash": "aa57ed55ff2df4bea697a07df528993d"
    },
    "xfun": {
      "Package": "xfun",
      "Version": "0.12",
      "Source": "Repository",
      "Repository": "CRAN",
      "Hash": "ccd8453a7b9e380628f6cd2862e46cad"
    },
    "xml2": {
      "Package": "xml2",
      "Version": "1.2.0",
      "Source": "Repository",
      "Repository": "CRAN",
      "Hash": "300860f90d5798249a0a8ad9271d4c18"
    },
    "xtable": {
      "Package": "xtable",
      "Version": "1.8-3",
      "Source": "Repository",
      "Repository": "CRAN",
      "Hash": "7f777cd034efddabf07fcaf2f287ec43"
    },
    "yaml": {
      "Package": "yaml",
      "Version": "2.2.0",
      "Source": "CRAN",
      "Repository": "CRAN",
      "RemoteType": "cran",
      "RemoteSha": "2.2.0",
      "RemoteRepos": "c(CRAN = \"https://cran.rstudio.com/\")",
      "RemotePkgType": "source",
      "Hash": "d511e575c61a3fa4757b4c4d0a04b2ee"
    },
    "zoo": {
      "Package": "zoo",
      "Version": "1.8-4",
      "Source": "Repository",
      "Repository": "CRAN",
      "Hash": "81f26b8987c010615de89ec389608cef"
    }
  }
}
